// !$*UTF8*$!
{
	archiveVersion = 1;
	classes = {
	};
	objectVersion = 50;
	objects = {

/* Begin PBXBuildFile section */
		CF16361C23EF2DDC00AD051B /* AppError.swift in Sources */ = {isa = PBXBuildFile; fileRef = CF16361B23EF2DDC00AD051B /* AppError.swift */; };
		CF17280223F7EFD4009C4A29 /* LocationProvider.swift in Sources */ = {isa = PBXBuildFile; fileRef = CF17280123F7EFD4009C4A29 /* LocationProvider.swift */; };
		CF17280423F7F543009C4A29 /* MeasurementsProvider.swift in Sources */ = {isa = PBXBuildFile; fileRef = CF17280323F7F543009C4A29 /* MeasurementsProvider.swift */; };
		CF17280623F7FEC6009C4A29 /* Either.swift in Sources */ = {isa = PBXBuildFile; fileRef = CF17280523F7FEC6009C4A29 /* Either.swift */; };
		CF18434A23EEF8A900863CBA /* ExecuteRequest.swift in Sources */ = {isa = PBXBuildFile; fileRef = CF18434923EEF8A900863CBA /* ExecuteRequest.swift */; };
		CF18434C23EEFBEB00863CBA /* Current.swift in Sources */ = {isa = PBXBuildFile; fileRef = CF18434B23EEFBEB00863CBA /* Current.swift */; };
		CF18434E23EEFC3B00863CBA /* Network.swift in Sources */ = {isa = PBXBuildFile; fileRef = CF18434D23EEFC3B00863CBA /* Network.swift */; };
		CF68DF9A23F06A1200DD5D9E /* ZoneProvider.swift in Sources */ = {isa = PBXBuildFile; fileRef = CF68DF9923F06A1200DD5D9E /* ZoneProvider.swift */; };
		CF7F75F323D35BB50049561A /* BarsView.swift in Sources */ = {isa = PBXBuildFile; fileRef = CF7F75F223D35BB50049561A /* BarsView.swift */; };
		CF7F75F523D35C5E0049561A /* VerticalIndexView.swift in Sources */ = {isa = PBXBuildFile; fileRef = CF7F75F423D35C5E0049561A /* VerticalIndexView.swift */; };
		CF8F47EC23ECA36100F3A48C /* HTTP.swift in Sources */ = {isa = PBXBuildFile; fileRef = CF8F47EB23ECA36100F3A48C /* HTTP.swift */; };
		CF94C21F23CB8D4700FBADE9 /* AppDelegate.swift in Sources */ = {isa = PBXBuildFile; fileRef = CF94C21E23CB8D4700FBADE9 /* AppDelegate.swift */; };
		CF94C22123CB8D4700FBADE9 /* SceneDelegate.swift in Sources */ = {isa = PBXBuildFile; fileRef = CF94C22023CB8D4700FBADE9 /* SceneDelegate.swift */; };
		CF94C22523CB8D4800FBADE9 /* Assets.xcassets in Resources */ = {isa = PBXBuildFile; fileRef = CF94C22423CB8D4800FBADE9 /* Assets.xcassets */; };
		CF94C22823CB8D4800FBADE9 /* Preview Assets.xcassets in Resources */ = {isa = PBXBuildFile; fileRef = CF94C22723CB8D4800FBADE9 /* Preview Assets.xcassets */; };
		CF94C22B23CB8D4800FBADE9 /* LaunchScreen.storyboard in Resources */ = {isa = PBXBuildFile; fileRef = CF94C22923CB8D4800FBADE9 /* LaunchScreen.storyboard */; };
		CF94C23423CB933B00FBADE9 /* HomeView.swift in Sources */ = {isa = PBXBuildFile; fileRef = CF94C23323CB933B00FBADE9 /* HomeView.swift */; };
		CF94C23623CB953D00FBADE9 /* BarChartView.swift in Sources */ = {isa = PBXBuildFile; fileRef = CF94C23523CB953D00FBADE9 /* BarChartView.swift */; };
		CF94C23923CB9B0500FBADE9 /* Extensions.swift in Sources */ = {isa = PBXBuildFile; fileRef = CF94C23823CB9B0500FBADE9 /* Extensions.swift */; };
		CF94C23C23CB9B9900FBADE9 /* Bar.swift in Sources */ = {isa = PBXBuildFile; fileRef = CF94C23B23CB9B9900FBADE9 /* Bar.swift */; };
		CFD991A823DDF057009765A6 /* DataModels.swift in Sources */ = {isa = PBXBuildFile; fileRef = CFD991A723DDF057009765A6 /* DataModels.swift */; };
		CFEB5A5323E375970097DE93 /* CountryProvider.swift in Sources */ = {isa = PBXBuildFile; fileRef = CFEB5A5223E375970097DE93 /* CountryProvider.swift */; };
/* End PBXBuildFile section */

/* Begin PBXFileReference section */
		CF16361B23EF2DDC00AD051B /* AppError.swift */ = {isa = PBXFileReference; lastKnownFileType = sourcecode.swift; path = AppError.swift; sourceTree = "<group>"; };
		CF17280123F7EFD4009C4A29 /* LocationProvider.swift */ = {isa = PBXFileReference; lastKnownFileType = sourcecode.swift; path = LocationProvider.swift; sourceTree = "<group>"; };
		CF17280323F7F543009C4A29 /* MeasurementsProvider.swift */ = {isa = PBXFileReference; lastKnownFileType = sourcecode.swift; path = MeasurementsProvider.swift; sourceTree = "<group>"; };
		CF17280523F7FEC6009C4A29 /* Either.swift */ = {isa = PBXFileReference; lastKnownFileType = sourcecode.swift; path = Either.swift; sourceTree = "<group>"; };
		CF18434923EEF8A900863CBA /* ExecuteRequest.swift */ = {isa = PBXFileReference; lastKnownFileType = sourcecode.swift; path = ExecuteRequest.swift; sourceTree = "<group>"; };
		CF18434B23EEFBEB00863CBA /* Current.swift */ = {isa = PBXFileReference; lastKnownFileType = sourcecode.swift; path = Current.swift; sourceTree = "<group>"; };
		CF18434D23EEFC3B00863CBA /* Network.swift */ = {isa = PBXFileReference; lastKnownFileType = sourcecode.swift; path = Network.swift; sourceTree = "<group>"; };
		CF68DF9923F06A1200DD5D9E /* ZoneProvider.swift */ = {isa = PBXFileReference; lastKnownFileType = sourcecode.swift; path = ZoneProvider.swift; sourceTree = "<group>"; };
		CF7F75F223D35BB50049561A /* BarsView.swift */ = {isa = PBXFileReference; lastKnownFileType = sourcecode.swift; path = BarsView.swift; sourceTree = "<group>"; };
		CF7F75F423D35C5E0049561A /* VerticalIndexView.swift */ = {isa = PBXFileReference; lastKnownFileType = sourcecode.swift; path = VerticalIndexView.swift; sourceTree = "<group>"; };
		CF8F47EB23ECA36100F3A48C /* HTTP.swift */ = {isa = PBXFileReference; lastKnownFileType = sourcecode.swift; path = HTTP.swift; sourceTree = "<group>"; };
		CF94C21B23CB8D4700FBADE9 /* Air Monitor.app */ = {isa = PBXFileReference; explicitFileType = wrapper.application; includeInIndex = 0; path = "Air Monitor.app"; sourceTree = BUILT_PRODUCTS_DIR; };
		CF94C21E23CB8D4700FBADE9 /* AppDelegate.swift */ = {isa = PBXFileReference; lastKnownFileType = sourcecode.swift; path = AppDelegate.swift; sourceTree = "<group>"; };
		CF94C22023CB8D4700FBADE9 /* SceneDelegate.swift */ = {isa = PBXFileReference; lastKnownFileType = sourcecode.swift; path = SceneDelegate.swift; sourceTree = "<group>"; };
		CF94C22423CB8D4800FBADE9 /* Assets.xcassets */ = {isa = PBXFileReference; lastKnownFileType = folder.assetcatalog; path = Assets.xcassets; sourceTree = "<group>"; };
		CF94C22723CB8D4800FBADE9 /* Preview Assets.xcassets */ = {isa = PBXFileReference; lastKnownFileType = folder.assetcatalog; path = "Preview Assets.xcassets"; sourceTree = "<group>"; };
		CF94C22A23CB8D4800FBADE9 /* Base */ = {isa = PBXFileReference; lastKnownFileType = file.storyboard; name = Base; path = Base.lproj/LaunchScreen.storyboard; sourceTree = "<group>"; };
		CF94C22C23CB8D4800FBADE9 /* Info.plist */ = {isa = PBXFileReference; lastKnownFileType = text.plist.xml; path = Info.plist; sourceTree = "<group>"; };
		CF94C23323CB933B00FBADE9 /* HomeView.swift */ = {isa = PBXFileReference; lastKnownFileType = sourcecode.swift; path = HomeView.swift; sourceTree = "<group>"; };
		CF94C23523CB953D00FBADE9 /* BarChartView.swift */ = {isa = PBXFileReference; lastKnownFileType = sourcecode.swift; path = BarChartView.swift; sourceTree = "<group>"; };
		CF94C23823CB9B0500FBADE9 /* Extensions.swift */ = {isa = PBXFileReference; lastKnownFileType = sourcecode.swift; path = Extensions.swift; sourceTree = "<group>"; };
		CF94C23B23CB9B9900FBADE9 /* Bar.swift */ = {isa = PBXFileReference; lastKnownFileType = sourcecode.swift; path = Bar.swift; sourceTree = "<group>"; };
		CFD991A723DDF057009765A6 /* DataModels.swift */ = {isa = PBXFileReference; lastKnownFileType = sourcecode.swift; path = DataModels.swift; sourceTree = "<group>"; };
		CFEB5A5223E375970097DE93 /* CountryProvider.swift */ = {isa = PBXFileReference; lastKnownFileType = sourcecode.swift; path = CountryProvider.swift; sourceTree = "<group>"; };
/* End PBXFileReference section */

/* Begin PBXFrameworksBuildPhase section */
		CF94C21823CB8D4700FBADE9 /* Frameworks */ = {
			isa = PBXFrameworksBuildPhase;
			buildActionMask = 2147483647;
			files = (
			);
			runOnlyForDeploymentPostprocessing = 0;
		};
/* End PBXFrameworksBuildPhase section */

/* Begin PBXGroup section */
		CF18434823EEF89900863CBA /* New */ = {
			isa = PBXGroup;
			children = (
				CF8F47EB23ECA36100F3A48C /* HTTP.swift */,
				CF18434923EEF8A900863CBA /* ExecuteRequest.swift */,
				CF18434B23EEFBEB00863CBA /* Current.swift */,
				CF18434D23EEFC3B00863CBA /* Network.swift */,
			);
			path = New;
			sourceTree = "<group>";
		};
		CF42F26223DCA33C00D96CEE /* Networking */ = {
			isa = PBXGroup;
			children = (
				CF18434823EEF89900863CBA /* New */,
				CFEB5A5123E3754D0097DE93 /* Providers */,
			);
			path = Networking;
			sourceTree = "<group>";
		};
		CF7F75EF23D35B670049561A /* ValueCell */ = {
			isa = PBXGroup;
			children = (
				CF7F75F623D35CC40049561A /* BarChart */,
			);
			path = ValueCell;
			sourceTree = "<group>";
		};
		CF7F75F623D35CC40049561A /* BarChart */ = {
			isa = PBXGroup;
			children = (
				CF94C23523CB953D00FBADE9 /* BarChartView.swift */,
				CF7F75F223D35BB50049561A /* BarsView.swift */,
				CF7F75F423D35C5E0049561A /* VerticalIndexView.swift */,
			);
			path = BarChart;
			sourceTree = "<group>";
		};
		CF94C21223CB8D4700FBADE9 = {
			isa = PBXGroup;
			children = (
				CF94C21D23CB8D4700FBADE9 /* Air Monitor */,
				CF94C21C23CB8D4700FBADE9 /* Products */,
			);
			sourceTree = "<group>";
		};
		CF94C21C23CB8D4700FBADE9 /* Products */ = {
			isa = PBXGroup;
			children = (
				CF94C21B23CB8D4700FBADE9 /* Air Monitor.app */,
			);
			name = Products;
			sourceTree = "<group>";
		};
		CF94C21D23CB8D4700FBADE9 /* Air Monitor */ = {
			isa = PBXGroup;
			children = (
				CF42F26223DCA33C00D96CEE /* Networking */,
				CF94C23A23CB9B8500FBADE9 /* Models */,
				CF94C23723CB9AF500FBADE9 /* Utilities */,
				CF94C23223CB932900FBADE9 /* Views */,
				CF94C21E23CB8D4700FBADE9 /* AppDelegate.swift */,
				CF94C22023CB8D4700FBADE9 /* SceneDelegate.swift */,
				CF94C22423CB8D4800FBADE9 /* Assets.xcassets */,
				CF94C22923CB8D4800FBADE9 /* LaunchScreen.storyboard */,
				CF94C22C23CB8D4800FBADE9 /* Info.plist */,
				CF94C22623CB8D4800FBADE9 /* Preview Content */,
			);
			path = "Air Monitor";
			sourceTree = "<group>";
		};
		CF94C22623CB8D4800FBADE9 /* Preview Content */ = {
			isa = PBXGroup;
			children = (
				CF94C22723CB8D4800FBADE9 /* Preview Assets.xcassets */,
			);
			path = "Preview Content";
			sourceTree = "<group>";
		};
		CF94C23223CB932900FBADE9 /* Views */ = {
			isa = PBXGroup;
			children = (
				CF94C23323CB933B00FBADE9 /* HomeView.swift */,
				CF7F75EF23D35B670049561A /* ValueCell */,
			);
			path = Views;
			sourceTree = "<group>";
		};
		CF94C23723CB9AF500FBADE9 /* Utilities */ = {
			isa = PBXGroup;
			children = (
				CF94C23823CB9B0500FBADE9 /* Extensions.swift */,
				CF17280523F7FEC6009C4A29 /* Either.swift */,
			);
			path = Utilities;
			sourceTree = "<group>";
		};
		CF94C23A23CB9B8500FBADE9 /* Models */ = {
			isa = PBXGroup;
			children = (
				CFD991A723DDF057009765A6 /* DataModels.swift */,
				CF94C23B23CB9B9900FBADE9 /* Bar.swift */,
				CF16361B23EF2DDC00AD051B /* AppError.swift */,
			);
			path = Models;
			sourceTree = "<group>";
		};
		CFEB5A5123E3754D0097DE93 /* Providers */ = {
			isa = PBXGroup;
			children = (
				CFEB5A5223E375970097DE93 /* CountryProvider.swift */,
				CF68DF9923F06A1200DD5D9E /* ZoneProvider.swift */,
				CF17280123F7EFD4009C4A29 /* LocationProvider.swift */,
				CF17280323F7F543009C4A29 /* MeasurementsProvider.swift */,
			);
			path = Providers;
			sourceTree = "<group>";
		};
/* End PBXGroup section */

/* Begin PBXNativeTarget section */
		CF94C21A23CB8D4700FBADE9 /* Air Monitor */ = {
			isa = PBXNativeTarget;
			buildConfigurationList = CF94C22F23CB8D4800FBADE9 /* Build configuration list for PBXNativeTarget "Air Monitor" */;
			buildPhases = (
				CF94C21723CB8D4700FBADE9 /* Sources */,
				CF94C21823CB8D4700FBADE9 /* Frameworks */,
				CF94C21923CB8D4700FBADE9 /* Resources */,
			);
			buildRules = (
			);
			dependencies = (
			);
			name = "Air Monitor";
			productName = "Air Monitor";
			productReference = CF94C21B23CB8D4700FBADE9 /* Air Monitor.app */;
			productType = "com.apple.product-type.application";
		};
/* End PBXNativeTarget section */

/* Begin PBXProject section */
		CF94C21323CB8D4700FBADE9 /* Project object */ = {
			isa = PBXProject;
			attributes = {
				LastSwiftUpdateCheck = 1130;
				LastUpgradeCheck = 1130;
				ORGANIZATIONNAME = "Paolo Rocca";
				TargetAttributes = {
					CF94C21A23CB8D4700FBADE9 = {
						CreatedOnToolsVersion = 11.3;
					};
				};
			};
			buildConfigurationList = CF94C21623CB8D4700FBADE9 /* Build configuration list for PBXProject "Air Monitor" */;
			compatibilityVersion = "Xcode 9.3";
			developmentRegion = en;
			hasScannedForEncodings = 0;
			knownRegions = (
				en,
				Base,
			);
			mainGroup = CF94C21223CB8D4700FBADE9;
			productRefGroup = CF94C21C23CB8D4700FBADE9 /* Products */;
			projectDirPath = "";
			projectRoot = "";
			targets = (
				CF94C21A23CB8D4700FBADE9 /* Air Monitor */,
			);
		};
/* End PBXProject section */

/* Begin PBXResourcesBuildPhase section */
		CF94C21923CB8D4700FBADE9 /* Resources */ = {
			isa = PBXResourcesBuildPhase;
			buildActionMask = 2147483647;
			files = (
				CF94C22B23CB8D4800FBADE9 /* LaunchScreen.storyboard in Resources */,
				CF94C22823CB8D4800FBADE9 /* Preview Assets.xcassets in Resources */,
				CF94C22523CB8D4800FBADE9 /* Assets.xcassets in Resources */,
			);
			runOnlyForDeploymentPostprocessing = 0;
		};
/* End PBXResourcesBuildPhase section */

/* Begin PBXSourcesBuildPhase section */
		CF94C21723CB8D4700FBADE9 /* Sources */ = {
			isa = PBXSourcesBuildPhase;
			buildActionMask = 2147483647;
			files = (
				CF94C23923CB9B0500FBADE9 /* Extensions.swift in Sources */,
				CF68DF9A23F06A1200DD5D9E /* ZoneProvider.swift in Sources */,
				CF17280223F7EFD4009C4A29 /* LocationProvider.swift in Sources */,
				CF17280623F7FEC6009C4A29 /* Either.swift in Sources */,
				CF16361C23EF2DDC00AD051B /* AppError.swift in Sources */,
				CF18434A23EEF8A900863CBA /* ExecuteRequest.swift in Sources */,
				CF94C23C23CB9B9900FBADE9 /* Bar.swift in Sources */,
				CF94C23423CB933B00FBADE9 /* HomeView.swift in Sources */,
				CF94C21F23CB8D4700FBADE9 /* AppDelegate.swift in Sources */,
				CF17280423F7F543009C4A29 /* MeasurementsProvider.swift in Sources */,
				CF7F75F323D35BB50049561A /* BarsView.swift in Sources */,
				CFEB5A5323E375970097DE93 /* CountryProvider.swift in Sources */,
				CF18434E23EEFC3B00863CBA /* Network.swift in Sources */,
				CF8F47EC23ECA36100F3A48C /* HTTP.swift in Sources */,
				CF18434C23EEFBEB00863CBA /* Current.swift in Sources */,
				CF94C22123CB8D4700FBADE9 /* SceneDelegate.swift in Sources */,
				CF94C23623CB953D00FBADE9 /* BarChartView.swift in Sources */,
				CF7F75F523D35C5E0049561A /* VerticalIndexView.swift in Sources */,
				CFD991A823DDF057009765A6 /* DataModels.swift in Sources */,
			);
			runOnlyForDeploymentPostprocessing = 0;
		};
/* End PBXSourcesBuildPhase section */

/* Begin PBXVariantGroup section */
		CF94C22923CB8D4800FBADE9 /* LaunchScreen.storyboard */ = {
			isa = PBXVariantGroup;
			children = (
				CF94C22A23CB8D4800FBADE9 /* Base */,
			);
			name = LaunchScreen.storyboard;
			sourceTree = "<group>";
		};
/* End PBXVariantGroup section */

/* Begin XCBuildConfiguration section */
		CF94C22D23CB8D4800FBADE9 /* Debug */ = {
			isa = XCBuildConfiguration;
			buildSettings = {
				ALWAYS_SEARCH_USER_PATHS = NO;
				CLANG_ANALYZER_NONNULL = YES;
				CLANG_ANALYZER_NUMBER_OBJECT_CONVERSION = YES_AGGRESSIVE;
				CLANG_CXX_LANGUAGE_STANDARD = "gnu++14";
				CLANG_CXX_LIBRARY = "libc++";
				CLANG_ENABLE_MODULES = YES;
				CLANG_ENABLE_OBJC_ARC = YES;
				CLANG_ENABLE_OBJC_WEAK = YES;
				CLANG_WARN_BLOCK_CAPTURE_AUTORELEASING = YES;
				CLANG_WARN_BOOL_CONVERSION = YES;
				CLANG_WARN_COMMA = YES;
				CLANG_WARN_CONSTANT_CONVERSION = YES;
				CLANG_WARN_DEPRECATED_OBJC_IMPLEMENTATIONS = YES;
				CLANG_WARN_DIRECT_OBJC_ISA_USAGE = YES_ERROR;
				CLANG_WARN_DOCUMENTATION_COMMENTS = YES;
				CLANG_WARN_EMPTY_BODY = YES;
				CLANG_WARN_ENUM_CONVERSION = YES;
				CLANG_WARN_INFINITE_RECURSION = YES;
				CLANG_WARN_INT_CONVERSION = YES;
				CLANG_WARN_NON_LITERAL_NULL_CONVERSION = YES;
				CLANG_WARN_OBJC_IMPLICIT_RETAIN_SELF = YES;
				CLANG_WARN_OBJC_LITERAL_CONVERSION = YES;
				CLANG_WARN_OBJC_ROOT_CLASS = YES_ERROR;
				CLANG_WARN_RANGE_LOOP_ANALYSIS = YES;
				CLANG_WARN_STRICT_PROTOTYPES = YES;
				CLANG_WARN_SUSPICIOUS_MOVE = YES;
				CLANG_WARN_UNGUARDED_AVAILABILITY = YES_AGGRESSIVE;
				CLANG_WARN_UNREACHABLE_CODE = YES;
				CLANG_WARN__DUPLICATE_METHOD_MATCH = YES;
				COPY_PHASE_STRIP = NO;
				DEBUG_INFORMATION_FORMAT = dwarf;
				ENABLE_STRICT_OBJC_MSGSEND = YES;
				ENABLE_TESTABILITY = YES;
				GCC_C_LANGUAGE_STANDARD = gnu11;
				GCC_DYNAMIC_NO_PIC = NO;
				GCC_NO_COMMON_BLOCKS = YES;
				GCC_OPTIMIZATION_LEVEL = 0;
				GCC_PREPROCESSOR_DEFINITIONS = (
					"DEBUG=1",
					"$(inherited)",
				);
				GCC_WARN_64_TO_32_BIT_CONVERSION = YES;
				GCC_WARN_ABOUT_RETURN_TYPE = YES_ERROR;
				GCC_WARN_UNDECLARED_SELECTOR = YES;
				GCC_WARN_UNINITIALIZED_AUTOS = YES_AGGRESSIVE;
				GCC_WARN_UNUSED_FUNCTION = YES;
				GCC_WARN_UNUSED_VARIABLE = YES;
				IPHONEOS_DEPLOYMENT_TARGET = 13.2;
				MTL_ENABLE_DEBUG_INFO = INCLUDE_SOURCE;
				MTL_FAST_MATH = YES;
				ONLY_ACTIVE_ARCH = YES;
				SDKROOT = iphoneos;
				SWIFT_ACTIVE_COMPILATION_CONDITIONS = DEBUG;
				SWIFT_OPTIMIZATION_LEVEL = "-Onone";
			};
			name = Debug;
		};
		CF94C22E23CB8D4800FBADE9 /* Release */ = {
			isa = XCBuildConfiguration;
			buildSettings = {
				ALWAYS_SEARCH_USER_PATHS = NO;
				CLANG_ANALYZER_NONNULL = YES;
				CLANG_ANALYZER_NUMBER_OBJECT_CONVERSION = YES_AGGRESSIVE;
				CLANG_CXX_LANGUAGE_STANDARD = "gnu++14";
				CLANG_CXX_LIBRARY = "libc++";
				CLANG_ENABLE_MODULES = YES;
				CLANG_ENABLE_OBJC_ARC = YES;
				CLANG_ENABLE_OBJC_WEAK = YES;
				CLANG_WARN_BLOCK_CAPTURE_AUTORELEASING = YES;
				CLANG_WARN_BOOL_CONVERSION = YES;
				CLANG_WARN_COMMA = YES;
				CLANG_WARN_CONSTANT_CONVERSION = YES;
				CLANG_WARN_DEPRECATED_OBJC_IMPLEMENTATIONS = YES;
				CLANG_WARN_DIRECT_OBJC_ISA_USAGE = YES_ERROR;
				CLANG_WARN_DOCUMENTATION_COMMENTS = YES;
				CLANG_WARN_EMPTY_BODY = YES;
				CLANG_WARN_ENUM_CONVERSION = YES;
				CLANG_WARN_INFINITE_RECURSION = YES;
				CLANG_WARN_INT_CONVERSION = YES;
				CLANG_WARN_NON_LITERAL_NULL_CONVERSION = YES;
				CLANG_WARN_OBJC_IMPLICIT_RETAIN_SELF = YES;
				CLANG_WARN_OBJC_LITERAL_CONVERSION = YES;
				CLANG_WARN_OBJC_ROOT_CLASS = YES_ERROR;
				CLANG_WARN_RANGE_LOOP_ANALYSIS = YES;
				CLANG_WARN_STRICT_PROTOTYPES = YES;
				CLANG_WARN_SUSPICIOUS_MOVE = YES;
				CLANG_WARN_UNGUARDED_AVAILABILITY = YES_AGGRESSIVE;
				CLANG_WARN_UNREACHABLE_CODE = YES;
				CLANG_WARN__DUPLICATE_METHOD_MATCH = YES;
				COPY_PHASE_STRIP = NO;
				DEBUG_INFORMATION_FORMAT = "dwarf-with-dsym";
				ENABLE_NS_ASSERTIONS = NO;
				ENABLE_STRICT_OBJC_MSGSEND = YES;
				GCC_C_LANGUAGE_STANDARD = gnu11;
				GCC_NO_COMMON_BLOCKS = YES;
				GCC_WARN_64_TO_32_BIT_CONVERSION = YES;
				GCC_WARN_ABOUT_RETURN_TYPE = YES_ERROR;
				GCC_WARN_UNDECLARED_SELECTOR = YES;
				GCC_WARN_UNINITIALIZED_AUTOS = YES_AGGRESSIVE;
				GCC_WARN_UNUSED_FUNCTION = YES;
				GCC_WARN_UNUSED_VARIABLE = YES;
				IPHONEOS_DEPLOYMENT_TARGET = 13.2;
				MTL_ENABLE_DEBUG_INFO = NO;
				MTL_FAST_MATH = YES;
				SDKROOT = iphoneos;
				SWIFT_COMPILATION_MODE = wholemodule;
				SWIFT_OPTIMIZATION_LEVEL = "-O";
				VALIDATE_PRODUCT = YES;
			};
			name = Release;
		};
		CF94C23023CB8D4800FBADE9 /* Debug */ = {
			isa = XCBuildConfiguration;
			buildSettings = {
				ASSETCATALOG_COMPILER_APPICON_NAME = AppIcon;
				CODE_SIGN_STYLE = Automatic;
				DEVELOPMENT_ASSET_PATHS = "\"Air Monitor/Preview Content\"";
				DEVELOPMENT_TEAM = Y99795RM29;
				ENABLE_PREVIEWS = YES;
				INFOPLIST_FILE = "Air Monitor/Info.plist";
				LD_RUNPATH_SEARCH_PATHS = (
					"$(inherited)",
					"@executable_path/Frameworks",
				);
				PRODUCT_BUNDLE_IDENTIFIER = "com.PaoloRocca.Air-Monitor";
				PRODUCT_NAME = "$(TARGET_NAME)";
				SWIFT_VERSION = 5.0;
				TARGETED_DEVICE_FAMILY = "1,2";
			};
			name = Debug;
		};
		CF94C23123CB8D4800FBADE9 /* Release */ = {
			isa = XCBuildConfiguration;
			buildSettings = {
				ASSETCATALOG_COMPILER_APPICON_NAME = AppIcon;
				CODE_SIGN_STYLE = Automatic;
				DEVELOPMENT_ASSET_PATHS = "\"Air Monitor/Preview Content\"";
				DEVELOPMENT_TEAM = Y99795RM29;
				ENABLE_PREVIEWS = YES;
				INFOPLIST_FILE = "Air Monitor/Info.plist";
				LD_RUNPATH_SEARCH_PATHS = (
					"$(inherited)",
					"@executable_path/Frameworks",
				);
				PRODUCT_BUNDLE_IDENTIFIER = "com.PaoloRocca.Air-Monitor";
				PRODUCT_NAME = "$(TARGET_NAME)";
				SWIFT_VERSION = 5.0;
				TARGETED_DEVICE_FAMILY = "1,2";
			};
			name = Release;
		};
/* End XCBuildConfiguration section */

/* Begin XCConfigurationList section */
		CF94C21623CB8D4700FBADE9 /* Build configuration list for PBXProject "Air Monitor" */ = {
			isa = XCConfigurationList;
			buildConfigurations = (
				CF94C22D23CB8D4800FBADE9 /* Debug */,
				CF94C22E23CB8D4800FBADE9 /* Release */,
			);
			defaultConfigurationIsVisible = 0;
			defaultConfigurationName = Release;
		};
		CF94C22F23CB8D4800FBADE9 /* Build configuration list for PBXNativeTarget "Air Monitor" */ = {
			isa = XCConfigurationList;
			buildConfigurations = (
				CF94C23023CB8D4800FBADE9 /* Debug */,
				CF94C23123CB8D4800FBADE9 /* Release */,
			);
			defaultConfigurationIsVisible = 0;
			defaultConfigurationName = Release;
		};
/* End XCConfigurationList section */
	};
	rootObject = CF94C21323CB8D4700FBADE9 /* Project object */;
}
